
Microsoft Visual Studio Solution File, Format Version 12.00
# Visual Studio Version 16
VisualStudioVersion = 16.0.29009.5
MinimumVisualStudioVersion = 10.0.40219.1
Project("{FAE04EC0-301F-11D3-BF4B-00C04F79EFBC}") = "ZarOyunu", "ZarOyunu\ZarOyunu.csproj", "{E5FB5F9D-F383-458B-9374-22CDF3B926CA}"
EndProject
Global
	GlobalSection(SolutionConfigurationPlatforms) = preSolution
		Debug|Any CPU = Debug|Any CPU
		Release|Any CPU = Release|Any CPU
	EndGlobalSection
	GlobalSection(ProjectConfigurationPlatforms) = postSolution
		{E5FB5F9D-F383-458B-9374-22CDF3B926CA}.Debug|Any CPU.ActiveCfg = Debug|Any CPU
		{E5FB5F9D-F383-458B-9374-22CDF3B926CA}.Debug|Any CPU.Build.0 = Debug|Any CPU
		{E5FB5F9D-F383-458B-9374-22CDF3B926CA}.Release|Any CPU.ActiveCfg = Release|Any CPU
		{E5FB5F9D-F383-458B-9374-22CDF3B926CA}.Release|Any CPU.Build.0 = Release|Any CPU
	EndGlobalSection
	GlobalSection(SolutionProperties) = preSolution
		HideSolutionNode = FALSE
	EndGlobalSection
	GlobalSection(ExtensibilityGlobals) = postSolution
		SolutionGuid = {226F5489-6975-4E69-A97B-23E40CD79953}
	EndGlobalSection
EndGlobal
